// !$*UTF8*$!
{
	archiveVersion = 1;
	classes = {
	};
	objectVersion = 50;
	objects = {

/* Begin PBXBuildFile section */
		79803F4B25A4E8FF003B2AD8 /* AppDelegate.swift in Sources */ = {isa = PBXBuildFile; fileRef = 79803F4A25A4E8FF003B2AD8 /* AppDelegate.swift */; };
		79803F4F25A4E8FF003B2AD8 /* NewsViewController.swift in Sources */ = {isa = PBXBuildFile; fileRef = 79803F4E25A4E8FF003B2AD8 /* NewsViewController.swift */; };
		79803F5225A4E8FF003B2AD8 /* Main.storyboard in Resources */ = {isa = PBXBuildFile; fileRef = 79803F5025A4E8FF003B2AD8 /* Main.storyboard */; };
		79803F5525A4E8FF003B2AD8 /* News.xcdatamodeld in Sources */ = {isa = PBXBuildFile; fileRef = 79803F5325A4E8FF003B2AD8 /* News.xcdatamodeld */; };
		79803F5725A4E901003B2AD8 /* Assets.xcassets in Resources */ = {isa = PBXBuildFile; fileRef = 79803F5625A4E901003B2AD8 /* Assets.xcassets */; };
		79803F5A25A4E901003B2AD8 /* LaunchScreen.storyboard in Resources */ = {isa = PBXBuildFile; fileRef = 79803F5825A4E901003B2AD8 /* LaunchScreen.storyboard */; };
		79803F6525A4E927003B2AD8 /* Utils.swift in Sources */ = {isa = PBXBuildFile; fileRef = 79803F6425A4E927003B2AD8 /* Utils.swift */; };
		79803F6925A4E92F003B2AD8 /* RSSManager.swift in Sources */ = {isa = PBXBuildFile; fileRef = 79803F6725A4E92F003B2AD8 /* RSSManager.swift */; };
		79803F6A25A4E92F003B2AD8 /* RSSParser.swift in Sources */ = {isa = PBXBuildFile; fileRef = 79803F6825A4E92F003B2AD8 /* RSSParser.swift */; };
		79803F6D25A4EBFA003B2AD8 /* RSSNewsItem.swift in Sources */ = {isa = PBXBuildFile; fileRef = 79803F6C25A4EBFA003B2AD8 /* RSSNewsItem.swift */; };
		79803F7025A4F06D003B2AD8 /* Task.swift in Sources */ = {isa = PBXBuildFile; fileRef = 79803F6F25A4F06D003B2AD8 /* Task.swift */; };
		79803F7925A4F337003B2AD8 /* NewsCollectionViewCell.swift in Sources */ = {isa = PBXBuildFile; fileRef = 79803F7825A4F337003B2AD8 /* NewsCollectionViewCell.swift */; };
		79803F7D25A59BAC003B2AD8 /* NewsCellModel.swift in Sources */ = {isa = PBXBuildFile; fileRef = 79803F7C25A59BAC003B2AD8 /* NewsCellModel.swift */; };
		79803F8025A59DBA003B2AD8 /* ConfigurableView.swift in Sources */ = {isa = PBXBuildFile; fileRef = 79803F7F25A59DBA003B2AD8 /* ConfigurableView.swift */; };
/* End PBXBuildFile section */

/* Begin PBXFileReference section */
		79803F4725A4E8FF003B2AD8 /* News.app */ = {isa = PBXFileReference; explicitFileType = wrapper.application; includeInIndex = 0; path = News.app; sourceTree = BUILT_PRODUCTS_DIR; };
		79803F4A25A4E8FF003B2AD8 /* AppDelegate.swift */ = {isa = PBXFileReference; lastKnownFileType = sourcecode.swift; path = AppDelegate.swift; sourceTree = "<group>"; };
		79803F4E25A4E8FF003B2AD8 /* NewsViewController.swift */ = {isa = PBXFileReference; lastKnownFileType = sourcecode.swift; path = NewsViewController.swift; sourceTree = "<group>"; };
		79803F5125A4E8FF003B2AD8 /* Base */ = {isa = PBXFileReference; lastKnownFileType = file.storyboard; name = Base; path = Base.lproj/Main.storyboard; sourceTree = "<group>"; };
		79803F5425A4E8FF003B2AD8 /* News.xcdatamodel */ = {isa = PBXFileReference; lastKnownFileType = wrapper.xcdatamodel; path = News.xcdatamodel; sourceTree = "<group>"; };
		79803F5625A4E901003B2AD8 /* Assets.xcassets */ = {isa = PBXFileReference; lastKnownFileType = folder.assetcatalog; path = Assets.xcassets; sourceTree = "<group>"; };
		79803F5925A4E901003B2AD8 /* Base */ = {isa = PBXFileReference; lastKnownFileType = file.storyboard; name = Base; path = Base.lproj/LaunchScreen.storyboard; sourceTree = "<group>"; };
		79803F5B25A4E901003B2AD8 /* Info.plist */ = {isa = PBXFileReference; lastKnownFileType = text.plist.xml; path = Info.plist; sourceTree = "<group>"; };
		79803F6425A4E927003B2AD8 /* Utils.swift */ = {isa = PBXFileReference; fileEncoding = 4; lastKnownFileType = sourcecode.swift; path = Utils.swift; sourceTree = "<group>"; };
		79803F6725A4E92F003B2AD8 /* RSSManager.swift */ = {isa = PBXFileReference; fileEncoding = 4; lastKnownFileType = sourcecode.swift; path = RSSManager.swift; sourceTree = "<group>"; };
		79803F6825A4E92F003B2AD8 /* RSSParser.swift */ = {isa = PBXFileReference; fileEncoding = 4; lastKnownFileType = sourcecode.swift; path = RSSParser.swift; sourceTree = "<group>"; };
		79803F6C25A4EBFA003B2AD8 /* RSSNewsItem.swift */ = {isa = PBXFileReference; lastKnownFileType = sourcecode.swift; path = RSSNewsItem.swift; sourceTree = "<group>"; };
		79803F6F25A4F06D003B2AD8 /* Task.swift */ = {isa = PBXFileReference; lastKnownFileType = sourcecode.swift; path = Task.swift; sourceTree = "<group>"; };
		79803F7825A4F337003B2AD8 /* NewsCollectionViewCell.swift */ = {isa = PBXFileReference; lastKnownFileType = sourcecode.swift; path = NewsCollectionViewCell.swift; sourceTree = "<group>"; };
		79803F7C25A59BAC003B2AD8 /* NewsCellModel.swift */ = {isa = PBXFileReference; lastKnownFileType = sourcecode.swift; path = NewsCellModel.swift; sourceTree = "<group>"; };
		79803F7F25A59DBA003B2AD8 /* ConfigurableView.swift */ = {isa = PBXFileReference; lastKnownFileType = sourcecode.swift; path = ConfigurableView.swift; sourceTree = "<group>"; };
/* End PBXFileReference section */

/* Begin PBXFrameworksBuildPhase section */
		79803F4425A4E8FF003B2AD8 /* Frameworks */ = {
			isa = PBXFrameworksBuildPhase;
			buildActionMask = 2147483647;
			files = (
			);
			runOnlyForDeploymentPostprocessing = 0;
		};
/* End PBXFrameworksBuildPhase section */

/* Begin PBXGroup section */
		79803F3E25A4E8FF003B2AD8 = {
			isa = PBXGroup;
			children = (
				79803F4925A4E8FF003B2AD8 /* News */,
				79803F4825A4E8FF003B2AD8 /* Products */,
			);
			sourceTree = "<group>";
		};
		79803F4825A4E8FF003B2AD8 /* Products */ = {
			isa = PBXGroup;
			children = (
				79803F4725A4E8FF003B2AD8 /* News.app */,
			);
			name = Products;
			sourceTree = "<group>";
		};
		79803F4925A4E8FF003B2AD8 /* News */ = {
			isa = PBXGroup;
			children = (
				79803F6F25A4F06D003B2AD8 /* Task.swift */,
				79803F4A25A4E8FF003B2AD8 /* AppDelegate.swift */,
				79803F6425A4E927003B2AD8 /* Utils.swift */,
				79803F6C25A4EBFA003B2AD8 /* RSSNewsItem.swift */,
				79803F6825A4E92F003B2AD8 /* RSSParser.swift */,
				79803F6725A4E92F003B2AD8 /* RSSManager.swift */,
				79803F7F25A59DBA003B2AD8 /* ConfigurableView.swift */,
				79803F4E25A4E8FF003B2AD8 /* NewsViewController.swift */,
				79803F7825A4F337003B2AD8 /* NewsCollectionViewCell.swift */,
				79803F7C25A59BAC003B2AD8 /* NewsCellModel.swift */,
				79803F5025A4E8FF003B2AD8 /* Main.storyboard */,
				79803F5625A4E901003B2AD8 /* Assets.xcassets */,
				79803F5825A4E901003B2AD8 /* LaunchScreen.storyboard */,
				79803F5B25A4E901003B2AD8 /* Info.plist */,
				79803F5325A4E8FF003B2AD8 /* News.xcdatamodeld */,
			);
			path = News;
			sourceTree = "<group>";
		};
/* End PBXGroup section */

/* Begin PBXNativeTarget section */
		79803F4625A4E8FF003B2AD8 /* News */ = {
			isa = PBXNativeTarget;
			buildConfigurationList = 79803F5E25A4E901003B2AD8 /* Build configuration list for PBXNativeTarget "News" */;
			buildPhases = (
				79803F4325A4E8FF003B2AD8 /* Sources */,
				79803F4425A4E8FF003B2AD8 /* Frameworks */,
				79803F4525A4E8FF003B2AD8 /* Resources */,
			);
			buildRules = (
			);
			dependencies = (
			);
			name = News;
			productName = News;
			productReference = 79803F4725A4E8FF003B2AD8 /* News.app */;
			productType = "com.apple.product-type.application";
		};
/* End PBXNativeTarget section */

/* Begin PBXProject section */
		79803F3F25A4E8FF003B2AD8 /* Project object */ = {
			isa = PBXProject;
			attributes = {
				LastSwiftUpdateCheck = 1220;
				LastUpgradeCheck = 1220;
				TargetAttributes = {
					79803F4625A4E8FF003B2AD8 = {
						CreatedOnToolsVersion = 12.2;
					};
				};
			};
			buildConfigurationList = 79803F4225A4E8FF003B2AD8 /* Build configuration list for PBXProject "News" */;
			compatibilityVersion = "Xcode 9.3";
			developmentRegion = en;
			hasScannedForEncodings = 0;
			knownRegions = (
				en,
				Base,
			);
			mainGroup = 79803F3E25A4E8FF003B2AD8;
			productRefGroup = 79803F4825A4E8FF003B2AD8 /* Products */;
			projectDirPath = "";
			projectRoot = "";
			targets = (
				79803F4625A4E8FF003B2AD8 /* News */,
			);
		};
/* End PBXProject section */

/* Begin PBXResourcesBuildPhase section */
		79803F4525A4E8FF003B2AD8 /* Resources */ = {
			isa = PBXResourcesBuildPhase;
			buildActionMask = 2147483647;
			files = (
				79803F5A25A4E901003B2AD8 /* LaunchScreen.storyboard in Resources */,
				79803F5725A4E901003B2AD8 /* Assets.xcassets in Resources */,
				79803F5225A4E8FF003B2AD8 /* Main.storyboard in Resources */,
			);
			runOnlyForDeploymentPostprocessing = 0;
		};
/* End PBXResourcesBuildPhase section */

/* Begin PBXSourcesBuildPhase section */
		79803F4325A4E8FF003B2AD8 /* Sources */ = {
			isa = PBXSourcesBuildPhase;
			buildActionMask = 2147483647;
			files = (
				79803F7025A4F06D003B2AD8 /* Task.swift in Sources */,
				79803F6925A4E92F003B2AD8 /* RSSManager.swift in Sources */,
				79803F6A25A4E92F003B2AD8 /* RSSParser.swift in Sources */,
				79803F4F25A4E8FF003B2AD8 /* NewsViewController.swift in Sources */,
				79803F4B25A4E8FF003B2AD8 /* AppDelegate.swift in Sources */,
				79803F5525A4E8FF003B2AD8 /* News.xcdatamodeld in Sources */,
				79803F6D25A4EBFA003B2AD8 /* RSSNewsItem.swift in Sources */,
				79803F8025A59DBA003B2AD8 /* ConfigurableView.swift in Sources */,
				79803F7925A4F337003B2AD8 /* NewsCollectionViewCell.swift in Sources */,
				79803F7D25A59BAC003B2AD8 /* NewsCellModel.swift in Sources */,
				79803F6525A4E927003B2AD8 /* Utils.swift in Sources */,
			);
			runOnlyForDeploymentPostprocessing = 0;
		};
/* End PBXSourcesBuildPhase section */

/* Begin PBXVariantGroup section */
		79803F5025A4E8FF003B2AD8 /* Main.storyboard */ = {
			isa = PBXVariantGroup;
			children = (
				79803F5125A4E8FF003B2AD8 /* Base */,
			);
			name = Main.storyboard;
			sourceTree = "<group>";
		};
		79803F5825A4E901003B2AD8 /* LaunchScreen.storyboard */ = {
			isa = PBXVariantGroup;
			children = (
				79803F5925A4E901003B2AD8 /* Base */,
			);
			name = LaunchScreen.storyboard;
			sourceTree = "<group>";
		};
/* End PBXVariantGroup section */

/* Begin XCBuildConfiguration section */
		79803F5C25A4E901003B2AD8 /* Debug */ = {
			isa = XCBuildConfiguration;
			buildSettings = {
				ALWAYS_SEARCH_USER_PATHS = NO;
				CLANG_ANALYZER_NONNULL = YES;
				CLANG_ANALYZER_NUMBER_OBJECT_CONVERSION = YES_AGGRESSIVE;
				CLANG_CXX_LANGUAGE_STANDARD = "gnu++14";
				CLANG_CXX_LIBRARY = "libc++";
				CLANG_ENABLE_MODULES = YES;
				CLANG_ENABLE_OBJC_ARC = YES;
				CLANG_ENABLE_OBJC_WEAK = YES;
				CLANG_WARN_BLOCK_CAPTURE_AUTORELEASING = YES;
				CLANG_WARN_BOOL_CONVERSION = YES;
				CLANG_WARN_COMMA = YES;
				CLANG_WARN_CONSTANT_CONVERSION = YES;
				CLANG_WARN_DEPRECATED_OBJC_IMPLEMENTATIONS = YES;
				CLANG_WARN_DIRECT_OBJC_ISA_USAGE = YES_ERROR;
				CLANG_WARN_DOCUMENTATION_COMMENTS = YES;
				CLANG_WARN_EMPTY_BODY = YES;
				CLANG_WARN_ENUM_CONVERSION = YES;
				CLANG_WARN_INFINITE_RECURSION = YES;
				CLANG_WARN_INT_CONVERSION = YES;
				CLANG_WARN_NON_LITERAL_NULL_CONVERSION = YES;
				CLANG_WARN_OBJC_IMPLICIT_RETAIN_SELF = YES;
				CLANG_WARN_OBJC_LITERAL_CONVERSION = YES;
				CLANG_WARN_OBJC_ROOT_CLASS = YES_ERROR;
				CLANG_WARN_QUOTED_INCLUDE_IN_FRAMEWORK_HEADER = YES;
				CLANG_WARN_RANGE_LOOP_ANALYSIS = YES;
				CLANG_WARN_STRICT_PROTOTYPES = YES;
				CLANG_WARN_SUSPICIOUS_MOVE = YES;
				CLANG_WARN_UNGUARDED_AVAILABILITY = YES_AGGRESSIVE;
				CLANG_WARN_UNREACHABLE_CODE = YES;
				CLANG_WARN__DUPLICATE_METHOD_MATCH = YES;
				COPY_PHASE_STRIP = NO;
				DEBUG_INFORMATION_FORMAT = dwarf;
				ENABLE_STRICT_OBJC_MSGSEND = YES;
				ENABLE_TESTABILITY = YES;
				GCC_C_LANGUAGE_STANDARD = gnu11;
				GCC_DYNAMIC_NO_PIC = NO;
				GCC_NO_COMMON_BLOCKS = YES;
				GCC_OPTIMIZATION_LEVEL = 0;
				GCC_PREPROCESSOR_DEFINITIONS = (
					"DEBUG=1",
					"$(inherited)",
				);
				GCC_WARN_64_TO_32_BIT_CONVERSION = YES;
				GCC_WARN_ABOUT_RETURN_TYPE = YES_ERROR;
				GCC_WARN_UNDECLARED_SELECTOR = YES;
				GCC_WARN_UNINITIALIZED_AUTOS = YES_AGGRESSIVE;
				GCC_WARN_UNUSED_FUNCTION = YES;
				GCC_WARN_UNUSED_VARIABLE = YES;
				IPHONEOS_DEPLOYMENT_TARGET = 13.0;
				MTL_ENABLE_DEBUG_INFO = INCLUDE_SOURCE;
				MTL_FAST_MATH = YES;
				ONLY_ACTIVE_ARCH = YES;
				SDKROOT = iphoneos;
				SWIFT_ACTIVE_COMPILATION_CONDITIONS = DEBUG;
				SWIFT_OPTIMIZATION_LEVEL = "-Onone";
			};
			name = Debug;
		};
		79803F5D25A4E901003B2AD8 /* Release */ = {
			isa = XCBuildConfiguration;
			buildSettings = {
				ALWAYS_SEARCH_USER_PATHS = NO;
				CLANG_ANALYZER_NONNULL = YES;
				CLANG_ANALYZER_NUMBER_OBJECT_CONVERSION = YES_AGGRESSIVE;
				CLANG_CXX_LANGUAGE_STANDARD = "gnu++14";
				CLANG_CXX_LIBRARY = "libc++";
				CLANG_ENABLE_MODULES = YES;
				CLANG_ENABLE_OBJC_ARC = YES;
				CLANG_ENABLE_OBJC_WEAK = YES;
				CLANG_WARN_BLOCK_CAPTURE_AUTORELEASING = YES;
				CLANG_WARN_BOOL_CONVERSION = YES;
				CLANG_WARN_COMMA = YES;
				CLANG_WARN_CONSTANT_CONVERSION = YES;
				CLANG_WARN_DEPRECATED_OBJC_IMPLEMENTATIONS = YES;
				CLANG_WARN_DIRECT_OBJC_ISA_USAGE = YES_ERROR;
				CLANG_WARN_DOCUMENTATION_COMMENTS = YES;
				CLANG_WARN_EMPTY_BODY = YES;
				CLANG_WARN_ENUM_CONVERSION = YES;
				CLANG_WARN_INFINITE_RECURSION = YES;
				CLANG_WARN_INT_CONVERSION = YES;
				CLANG_WARN_NON_LITERAL_NULL_CONVERSION = YES;
				CLANG_WARN_OBJC_IMPLICIT_RETAIN_SELF = YES;
				CLANG_WARN_OBJC_LITERAL_CONVERSION = YES;
				CLANG_WARN_OBJC_ROOT_CLASS = YES_ERROR;
				CLANG_WARN_QUOTED_INCLUDE_IN_FRAMEWORK_HEADER = YES;
				CLANG_WARN_RANGE_LOOP_ANALYSIS = YES;
				CLANG_WARN_STRICT_PROTOTYPES = YES;
				CLANG_WARN_SUSPICIOUS_MOVE = YES;
				CLANG_WARN_UNGUARDED_AVAILABILITY = YES_AGGRESSIVE;
				CLANG_WARN_UNREACHABLE_CODE = YES;
				CLANG_WARN__DUPLICATE_METHOD_MATCH = YES;
				COPY_PHASE_STRIP = NO;
				DEBUG_INFORMATION_FORMAT = "dwarf-with-dsym";
				ENABLE_NS_ASSERTIONS = NO;
				ENABLE_STRICT_OBJC_MSGSEND = YES;
				GCC_C_LANGUAGE_STANDARD = gnu11;
				GCC_NO_COMMON_BLOCKS = YES;
				GCC_WARN_64_TO_32_BIT_CONVERSION = YES;
				GCC_WARN_ABOUT_RETURN_TYPE = YES_ERROR;
				GCC_WARN_UNDECLARED_SELECTOR = YES;
				GCC_WARN_UNINITIALIZED_AUTOS = YES_AGGRESSIVE;
				GCC_WARN_UNUSED_FUNCTION = YES;
				GCC_WARN_UNUSED_VARIABLE = YES;
				IPHONEOS_DEPLOYMENT_TARGET = 13.0;
				MTL_ENABLE_DEBUG_INFO = NO;
				MTL_FAST_MATH = YES;
				SDKROOT = iphoneos;
				SWIFT_COMPILATION_MODE = wholemodule;
				SWIFT_OPTIMIZATION_LEVEL = "-O";
				VALIDATE_PRODUCT = YES;
			};
			name = Release;
		};
		79803F5F25A4E901003B2AD8 /* Debug */ = {
			isa = XCBuildConfiguration;
			buildSettings = {
				ASSETCATALOG_COMPILER_APPICON_NAME = AppIcon;
				ASSETCATALOG_COMPILER_GLOBAL_ACCENT_COLOR_NAME = AccentColor;
				CODE_SIGN_STYLE = Automatic;
				DEVELOPMENT_TEAM = 7BS98LAJM2;
				INFOPLIST_FILE = News/Info.plist;
				LD_RUNPATH_SEARCH_PATHS = (
					"$(inherited)",
					"@executable_path/Frameworks",
				);
				PRODUCT_BUNDLE_IDENTIFIER = com.EgorOprea.News;
				PRODUCT_NAME = "$(TARGET_NAME)";
				SWIFT_VERSION = 5.0;
				TARGETED_DEVICE_FAMILY = "1,2";
			};
			name = Debug;
		};
		79803F6025A4E901003B2AD8 /* Release */ = {
			isa = XCBuildConfiguration;
			buildSettings = {
				ASSETCATALOG_COMPILER_APPICON_NAME = AppIcon;
				ASSETCATALOG_COMPILER_GLOBAL_ACCENT_COLOR_NAME = AccentColor;
				CODE_SIGN_STYLE = Automatic;
				DEVELOPMENT_TEAM = 7BS98LAJM2;
				INFOPLIST_FILE = News/Info.plist;
				LD_RUNPATH_SEARCH_PATHS = (
					"$(inherited)",
					"@executable_path/Frameworks",
				);
				PRODUCT_BUNDLE_IDENTIFIER = com.EgorOprea.News;
				PRODUCT_NAME = "$(TARGET_NAME)";
				SWIFT_VERSION = 5.0;
				TARGETED_DEVICE_FAMILY = "1,2";
			};
			name = Release;
		};
/* End XCBuildConfiguration section */

/* Begin XCConfigurationList section */
		79803F4225A4E8FF003B2AD8 /* Build configuration list for PBXProject "News" */ = {
			isa = XCConfigurationList;
			buildConfigurations = (
				79803F5C25A4E901003B2AD8 /* Debug */,
				79803F5D25A4E901003B2AD8 /* Release */,
			);
			defaultConfigurationIsVisible = 0;
			defaultConfigurationName = Release;
		};
		79803F5E25A4E901003B2AD8 /* Build configuration list for PBXNativeTarget "News" */ = {
			isa = XCConfigurationList;
			buildConfigurations = (
				79803F5F25A4E901003B2AD8 /* Debug */,
				79803F6025A4E901003B2AD8 /* Release */,
			);
			defaultConfigurationIsVisible = 0;
			defaultConfigurationName = Release;
		};
/* End XCConfigurationList section */

/* Begin XCVersionGroup section */
		79803F5325A4E8FF003B2AD8 /* News.xcdatamodeld */ = {
			isa = XCVersionGroup;
			children = (
				79803F5425A4E8FF003B2AD8 /* News.xcdatamodel */,
			);
			currentVersion = 79803F5425A4E8FF003B2AD8 /* News.xcdatamodel */;
			path = News.xcdatamodeld;
			sourceTree = "<group>";
			versionGroupType = wrapper.xcdatamodel;
		};
/* End XCVersionGroup section */
	};
	rootObject = 79803F3F25A4E8FF003B2AD8 /* Project object */;
}
