// !$*UTF8*$!
{
	archiveVersion = 1;
	classes = {
	};
	objectVersion = 50;
	objects = {

/* Begin PBXBuildFile section */
		7969277E25A72AB800717C81 /* SettingsTableViewCell.swift in Sources */ = {isa = PBXBuildFile; fileRef = 7969277D25A72AB800717C81 /* SettingsTableViewCell.swift */; };
		7969278125A72BEB00717C81 /* RSSSubscription.swift in Sources */ = {isa = PBXBuildFile; fileRef = 7969278025A72BEB00717C81 /* RSSSubscription.swift */; };
		7969278425A739F300717C81 /* AppSettings.swift in Sources */ = {isa = PBXBuildFile; fileRef = 7969278325A739F300717C81 /* AppSettings.swift */; };
		7969278725A8413C00717C81 /* TimerTableViewCell.swift in Sources */ = {isa = PBXBuildFile; fileRef = 7969278625A8413C00717C81 /* TimerTableViewCell.swift */; };
		7969278A25A8D7F600717C81 /* NewsListCollectionViewDataSource.swift in Sources */ = {isa = PBXBuildFile; fileRef = 7969278925A8D7F600717C81 /* NewsListCollectionViewDataSource.swift */; };
		796927A125A9973600717C81 /* NewsListPresenter.swift in Sources */ = {isa = PBXBuildFile; fileRef = 796927A025A9973600717C81 /* NewsListPresenter.swift */; };
		796927A425A9976E00717C81 /* NewsListInteractor.swift in Sources */ = {isa = PBXBuildFile; fileRef = 796927A325A9976E00717C81 /* NewsListInteractor.swift */; };
		796927A725A9979200717C81 /* NewsListRouter.swift in Sources */ = {isa = PBXBuildFile; fileRef = 796927A625A9979200717C81 /* NewsListRouter.swift */; };
		796927B125A9989000717C81 /* INewsListViewInput.swift in Sources */ = {isa = PBXBuildFile; fileRef = 796927B025A9989000717C81 /* INewsListViewInput.swift */; };
		796927B425A998AC00717C81 /* INewsListViewOutput.swift in Sources */ = {isa = PBXBuildFile; fileRef = 796927B325A998AC00717C81 /* INewsListViewOutput.swift */; };
		796927B825A99A1D00717C81 /* INewsListInteractorInput.swift in Sources */ = {isa = PBXBuildFile; fileRef = 796927B725A99A1D00717C81 /* INewsListInteractorInput.swift */; };
		796927BB25A99BCE00717C81 /* INewsInteractorOutput.swift in Sources */ = {isa = PBXBuildFile; fileRef = 796927BA25A99BCE00717C81 /* INewsInteractorOutput.swift */; };
		796927BE25A99BEE00717C81 /* INewsListRouterInput.swift in Sources */ = {isa = PBXBuildFile; fileRef = 796927BD25A99BEE00717C81 /* INewsListRouterInput.swift */; };
		796927C225A9B01D00717C81 /* NewsListModuleAssembly.swift in Sources */ = {isa = PBXBuildFile; fileRef = 796927C125A9B01D00717C81 /* NewsListModuleAssembly.swift */; };
		796927C625A9BA2600717C81 /* INewsListRouterOutput.swift in Sources */ = {isa = PBXBuildFile; fileRef = 796927C525A9BA2600717C81 /* INewsListRouterOutput.swift */; };
		796927CB25A9CD8600717C81 /* SettingsPresenter.swift in Sources */ = {isa = PBXBuildFile; fileRef = 796927CA25A9CD8600717C81 /* SettingsPresenter.swift */; };
		796927CE25A9CDAA00717C81 /* SettingsRouter.swift in Sources */ = {isa = PBXBuildFile; fileRef = 796927CD25A9CDAA00717C81 /* SettingsRouter.swift */; };
		796927D225A9CDB800717C81 /* SettingsInteractor.swift in Sources */ = {isa = PBXBuildFile; fileRef = 796927D125A9CDB800717C81 /* SettingsInteractor.swift */; };
		796927D525A9CDE200717C81 /* ISettingsViewInput.swift in Sources */ = {isa = PBXBuildFile; fileRef = 796927D425A9CDE200717C81 /* ISettingsViewInput.swift */; };
		796927D825A9CDEE00717C81 /* ISettingsViewOutput.swift in Sources */ = {isa = PBXBuildFile; fileRef = 796927D725A9CDEE00717C81 /* ISettingsViewOutput.swift */; };
		796927DB25A9CE0400717C81 /* ISettingsInteractorInput.swift in Sources */ = {isa = PBXBuildFile; fileRef = 796927DA25A9CE0300717C81 /* ISettingsInteractorInput.swift */; };
		796927E425A9CE4C00717C81 /* ISettingsRouterInput.swift in Sources */ = {isa = PBXBuildFile; fileRef = 796927E325A9CE4C00717C81 /* ISettingsRouterInput.swift */; };
		796927EA25A9CE9600717C81 /* SettingsAssembly.swift in Sources */ = {isa = PBXBuildFile; fileRef = 796927E925A9CE9600717C81 /* SettingsAssembly.swift */; };
		796927FF25AA00C100717C81 /* NewsTests.swift in Sources */ = {isa = PBXBuildFile; fileRef = 796927FE25AA00C100717C81 /* NewsTests.swift */; };
		7969280925AA03CE00717C81 /* StubAppSettings.swift in Sources */ = {isa = PBXBuildFile; fileRef = 7969280825AA03CE00717C81 /* StubAppSettings.swift */; };
		7969280D25AA04CD00717C81 /* MockInteractorOutput.swift in Sources */ = {isa = PBXBuildFile; fileRef = 7969280C25AA04CD00717C81 /* MockInteractorOutput.swift */; };
		7969281325AA057E00717C81 /* MockNewsService.swift in Sources */ = {isa = PBXBuildFile; fileRef = 7969281225AA057E00717C81 /* MockNewsService.swift */; };
		797B6F7425A5EC8F00D56380 /* NewsService.swift in Sources */ = {isa = PBXBuildFile; fileRef = 797B6F7325A5EC8F00D56380 /* NewsService.swift */; };
		797B6F7925A5F19300D56380 /* DBNewsItem+CoreDataClass.swift in Sources */ = {isa = PBXBuildFile; fileRef = 797B6F7725A5F19300D56380 /* DBNewsItem+CoreDataClass.swift */; };
		797B6F7A25A5F19300D56380 /* DBNewsItem+CoreDataProperties.swift in Sources */ = {isa = PBXBuildFile; fileRef = 797B6F7825A5F19300D56380 /* DBNewsItem+CoreDataProperties.swift */; };
		797B6F8625A6F12A00D56380 /* SettingsViewController.swift in Sources */ = {isa = PBXBuildFile; fileRef = 797B6F8525A6F12A00D56380 /* SettingsViewController.swift */; };
		797B6F8925A7083700D56380 /* DataManager.swift in Sources */ = {isa = PBXBuildFile; fileRef = 797B6F8825A7083700D56380 /* DataManager.swift */; };
		79803F4B25A4E8FF003B2AD8 /* AppDelegate.swift in Sources */ = {isa = PBXBuildFile; fileRef = 79803F4A25A4E8FF003B2AD8 /* AppDelegate.swift */; };
		79803F4F25A4E8FF003B2AD8 /* NewsListViewController.swift in Sources */ = {isa = PBXBuildFile; fileRef = 79803F4E25A4E8FF003B2AD8 /* NewsListViewController.swift */; };
		79803F5225A4E8FF003B2AD8 /* Main.storyboard in Resources */ = {isa = PBXBuildFile; fileRef = 79803F5025A4E8FF003B2AD8 /* Main.storyboard */; };
		79803F5525A4E8FF003B2AD8 /* News.xcdatamodeld in Sources */ = {isa = PBXBuildFile; fileRef = 79803F5325A4E8FF003B2AD8 /* News.xcdatamodeld */; };
		79803F5725A4E901003B2AD8 /* Assets.xcassets in Resources */ = {isa = PBXBuildFile; fileRef = 79803F5625A4E901003B2AD8 /* Assets.xcassets */; };
		79803F5A25A4E901003B2AD8 /* LaunchScreen.storyboard in Resources */ = {isa = PBXBuildFile; fileRef = 79803F5825A4E901003B2AD8 /* LaunchScreen.storyboard */; };
		79803F6525A4E927003B2AD8 /* Utils.swift in Sources */ = {isa = PBXBuildFile; fileRef = 79803F6425A4E927003B2AD8 /* Utils.swift */; };
		79803F6925A4E92F003B2AD8 /* RSSManager.swift in Sources */ = {isa = PBXBuildFile; fileRef = 79803F6725A4E92F003B2AD8 /* RSSManager.swift */; };
		79803F6A25A4E92F003B2AD8 /* RSSParser.swift in Sources */ = {isa = PBXBuildFile; fileRef = 79803F6825A4E92F003B2AD8 /* RSSParser.swift */; };
		79803F6D25A4EBFA003B2AD8 /* RSSResponse.swift in Sources */ = {isa = PBXBuildFile; fileRef = 79803F6C25A4EBFA003B2AD8 /* RSSResponse.swift */; };
		79803F7025A4F06D003B2AD8 /* Task.swift in Sources */ = {isa = PBXBuildFile; fileRef = 79803F6F25A4F06D003B2AD8 /* Task.swift */; };
		79803F7925A4F337003B2AD8 /* NewsListCollectionViewCell.swift in Sources */ = {isa = PBXBuildFile; fileRef = 79803F7825A4F337003B2AD8 /* NewsListCollectionViewCell.swift */; };
		79803F7D25A59BAC003B2AD8 /* NewsItem.swift in Sources */ = {isa = PBXBuildFile; fileRef = 79803F7C25A59BAC003B2AD8 /* NewsItem.swift */; };
		79803F8025A59DBA003B2AD8 /* IConfigurableView.swift in Sources */ = {isa = PBXBuildFile; fileRef = 79803F7F25A59DBA003B2AD8 /* IConfigurableView.swift */; };
		79803F8625A5D061003B2AD8 /* NewsDetailViewController.swift in Sources */ = {isa = PBXBuildFile; fileRef = 79803F8525A5D061003B2AD8 /* NewsDetailViewController.swift */; };
/* End PBXBuildFile section */

/* Begin PBXContainerItemProxy section */
		7969280125AA00C100717C81 /* PBXContainerItemProxy */ = {
			isa = PBXContainerItemProxy;
			containerPortal = 79803F3F25A4E8FF003B2AD8 /* Project object */;
			proxyType = 1;
			remoteGlobalIDString = 79803F4625A4E8FF003B2AD8;
			remoteInfo = News;
		};
/* End PBXContainerItemProxy section */

/* Begin PBXFileReference section */
		7969277D25A72AB800717C81 /* SettingsTableViewCell.swift */ = {isa = PBXFileReference; lastKnownFileType = sourcecode.swift; path = SettingsTableViewCell.swift; sourceTree = "<group>"; };
		7969278025A72BEB00717C81 /* RSSSubscription.swift */ = {isa = PBXFileReference; lastKnownFileType = sourcecode.swift; path = RSSSubscription.swift; sourceTree = "<group>"; };
		7969278325A739F300717C81 /* AppSettings.swift */ = {isa = PBXFileReference; lastKnownFileType = sourcecode.swift; path = AppSettings.swift; sourceTree = "<group>"; };
		7969278625A8413C00717C81 /* TimerTableViewCell.swift */ = {isa = PBXFileReference; lastKnownFileType = sourcecode.swift; path = TimerTableViewCell.swift; sourceTree = "<group>"; };
		7969278925A8D7F600717C81 /* NewsListCollectionViewDataSource.swift */ = {isa = PBXFileReference; lastKnownFileType = sourcecode.swift; path = NewsListCollectionViewDataSource.swift; sourceTree = "<group>"; };
		796927A025A9973600717C81 /* NewsListPresenter.swift */ = {isa = PBXFileReference; lastKnownFileType = sourcecode.swift; path = NewsListPresenter.swift; sourceTree = "<group>"; };
		796927A325A9976E00717C81 /* NewsListInteractor.swift */ = {isa = PBXFileReference; lastKnownFileType = sourcecode.swift; path = NewsListInteractor.swift; sourceTree = "<group>"; };
		796927A625A9979200717C81 /* NewsListRouter.swift */ = {isa = PBXFileReference; lastKnownFileType = sourcecode.swift; path = NewsListRouter.swift; sourceTree = "<group>"; };
		796927B025A9989000717C81 /* INewsListViewInput.swift */ = {isa = PBXFileReference; lastKnownFileType = sourcecode.swift; path = INewsListViewInput.swift; sourceTree = "<group>"; };
		796927B325A998AC00717C81 /* INewsListViewOutput.swift */ = {isa = PBXFileReference; lastKnownFileType = sourcecode.swift; path = INewsListViewOutput.swift; sourceTree = "<group>"; };
		796927B725A99A1D00717C81 /* INewsListInteractorInput.swift */ = {isa = PBXFileReference; lastKnownFileType = sourcecode.swift; path = INewsListInteractorInput.swift; sourceTree = "<group>"; };
		796927BA25A99BCE00717C81 /* INewsInteractorOutput.swift */ = {isa = PBXFileReference; lastKnownFileType = sourcecode.swift; path = INewsInteractorOutput.swift; sourceTree = "<group>"; };
		796927BD25A99BEE00717C81 /* INewsListRouterInput.swift */ = {isa = PBXFileReference; lastKnownFileType = sourcecode.swift; path = INewsListRouterInput.swift; sourceTree = "<group>"; };
		796927C125A9B01D00717C81 /* NewsListModuleAssembly.swift */ = {isa = PBXFileReference; lastKnownFileType = sourcecode.swift; path = NewsListModuleAssembly.swift; sourceTree = "<group>"; };
		796927C525A9BA2600717C81 /* INewsListRouterOutput.swift */ = {isa = PBXFileReference; lastKnownFileType = sourcecode.swift; path = INewsListRouterOutput.swift; sourceTree = "<group>"; };
		796927CA25A9CD8600717C81 /* SettingsPresenter.swift */ = {isa = PBXFileReference; lastKnownFileType = sourcecode.swift; path = SettingsPresenter.swift; sourceTree = "<group>"; };
		796927CD25A9CDAA00717C81 /* SettingsRouter.swift */ = {isa = PBXFileReference; lastKnownFileType = sourcecode.swift; path = SettingsRouter.swift; sourceTree = "<group>"; };
		796927D125A9CDB800717C81 /* SettingsInteractor.swift */ = {isa = PBXFileReference; lastKnownFileType = sourcecode.swift; path = SettingsInteractor.swift; sourceTree = "<group>"; };
		796927D425A9CDE200717C81 /* ISettingsViewInput.swift */ = {isa = PBXFileReference; lastKnownFileType = sourcecode.swift; path = ISettingsViewInput.swift; sourceTree = "<group>"; };
		796927D725A9CDEE00717C81 /* ISettingsViewOutput.swift */ = {isa = PBXFileReference; lastKnownFileType = sourcecode.swift; path = ISettingsViewOutput.swift; sourceTree = "<group>"; };
		796927DA25A9CE0300717C81 /* ISettingsInteractorInput.swift */ = {isa = PBXFileReference; lastKnownFileType = sourcecode.swift; path = ISettingsInteractorInput.swift; sourceTree = "<group>"; };
		796927E325A9CE4C00717C81 /* ISettingsRouterInput.swift */ = {isa = PBXFileReference; lastKnownFileType = sourcecode.swift; path = ISettingsRouterInput.swift; sourceTree = "<group>"; };
		796927E925A9CE9600717C81 /* SettingsAssembly.swift */ = {isa = PBXFileReference; lastKnownFileType = sourcecode.swift; path = SettingsAssembly.swift; sourceTree = "<group>"; };
		796927FC25AA00C100717C81 /* NewsTests.xctest */ = {isa = PBXFileReference; explicitFileType = wrapper.cfbundle; includeInIndex = 0; path = NewsTests.xctest; sourceTree = BUILT_PRODUCTS_DIR; };
		796927FE25AA00C100717C81 /* NewsTests.swift */ = {isa = PBXFileReference; lastKnownFileType = sourcecode.swift; path = NewsTests.swift; sourceTree = "<group>"; };
		7969280025AA00C100717C81 /* Info.plist */ = {isa = PBXFileReference; lastKnownFileType = text.plist.xml; path = Info.plist; sourceTree = "<group>"; };
		7969280825AA03CE00717C81 /* StubAppSettings.swift */ = {isa = PBXFileReference; lastKnownFileType = sourcecode.swift; path = StubAppSettings.swift; sourceTree = "<group>"; };
		7969280C25AA04CD00717C81 /* MockInteractorOutput.swift */ = {isa = PBXFileReference; lastKnownFileType = sourcecode.swift; path = MockInteractorOutput.swift; sourceTree = "<group>"; };
		7969281225AA057E00717C81 /* MockNewsService.swift */ = {isa = PBXFileReference; lastKnownFileType = sourcecode.swift; path = MockNewsService.swift; sourceTree = "<group>"; };
		797B6F7325A5EC8F00D56380 /* NewsService.swift */ = {isa = PBXFileReference; lastKnownFileType = sourcecode.swift; path = NewsService.swift; sourceTree = "<group>"; };
		797B6F7725A5F19300D56380 /* DBNewsItem+CoreDataClass.swift */ = {isa = PBXFileReference; lastKnownFileType = sourcecode.swift; path = "DBNewsItem+CoreDataClass.swift"; sourceTree = "<group>"; };
		797B6F7825A5F19300D56380 /* DBNewsItem+CoreDataProperties.swift */ = {isa = PBXFileReference; lastKnownFileType = sourcecode.swift; path = "DBNewsItem+CoreDataProperties.swift"; sourceTree = "<group>"; };
		797B6F8525A6F12A00D56380 /* SettingsViewController.swift */ = {isa = PBXFileReference; lastKnownFileType = sourcecode.swift; path = SettingsViewController.swift; sourceTree = "<group>"; };
		797B6F8825A7083700D56380 /* DataManager.swift */ = {isa = PBXFileReference; lastKnownFileType = sourcecode.swift; path = DataManager.swift; sourceTree = "<group>"; };
		79803F4725A4E8FF003B2AD8 /* News.app */ = {isa = PBXFileReference; explicitFileType = wrapper.application; includeInIndex = 0; path = News.app; sourceTree = BUILT_PRODUCTS_DIR; };
		79803F4A25A4E8FF003B2AD8 /* AppDelegate.swift */ = {isa = PBXFileReference; lastKnownFileType = sourcecode.swift; path = AppDelegate.swift; sourceTree = "<group>"; };
		79803F4E25A4E8FF003B2AD8 /* NewsListViewController.swift */ = {isa = PBXFileReference; lastKnownFileType = sourcecode.swift; path = NewsListViewController.swift; sourceTree = "<group>"; };
		79803F5125A4E8FF003B2AD8 /* Base */ = {isa = PBXFileReference; lastKnownFileType = file.storyboard; name = Base; path = Base.lproj/Main.storyboard; sourceTree = "<group>"; };
		79803F5425A4E8FF003B2AD8 /* News.xcdatamodel */ = {isa = PBXFileReference; lastKnownFileType = wrapper.xcdatamodel; path = News.xcdatamodel; sourceTree = "<group>"; };
		79803F5625A4E901003B2AD8 /* Assets.xcassets */ = {isa = PBXFileReference; lastKnownFileType = folder.assetcatalog; path = Assets.xcassets; sourceTree = "<group>"; };
		79803F5925A4E901003B2AD8 /* Base */ = {isa = PBXFileReference; lastKnownFileType = file.storyboard; name = Base; path = Base.lproj/LaunchScreen.storyboard; sourceTree = "<group>"; };
		79803F5B25A4E901003B2AD8 /* Info.plist */ = {isa = PBXFileReference; lastKnownFileType = text.plist.xml; path = Info.plist; sourceTree = "<group>"; };
		79803F6425A4E927003B2AD8 /* Utils.swift */ = {isa = PBXFileReference; fileEncoding = 4; lastKnownFileType = sourcecode.swift; path = Utils.swift; sourceTree = "<group>"; };
		79803F6725A4E92F003B2AD8 /* RSSManager.swift */ = {isa = PBXFileReference; fileEncoding = 4; lastKnownFileType = sourcecode.swift; path = RSSManager.swift; sourceTree = "<group>"; };
		79803F6825A4E92F003B2AD8 /* RSSParser.swift */ = {isa = PBXFileReference; fileEncoding = 4; lastKnownFileType = sourcecode.swift; path = RSSParser.swift; sourceTree = "<group>"; };
		79803F6C25A4EBFA003B2AD8 /* RSSResponse.swift */ = {isa = PBXFileReference; lastKnownFileType = sourcecode.swift; path = RSSResponse.swift; sourceTree = "<group>"; };
		79803F6F25A4F06D003B2AD8 /* Task.swift */ = {isa = PBXFileReference; lastKnownFileType = sourcecode.swift; path = Task.swift; sourceTree = "<group>"; };
		79803F7825A4F337003B2AD8 /* NewsListCollectionViewCell.swift */ = {isa = PBXFileReference; lastKnownFileType = sourcecode.swift; path = NewsListCollectionViewCell.swift; sourceTree = "<group>"; };
		79803F7C25A59BAC003B2AD8 /* NewsItem.swift */ = {isa = PBXFileReference; lastKnownFileType = sourcecode.swift; path = NewsItem.swift; sourceTree = "<group>"; };
		79803F7F25A59DBA003B2AD8 /* IConfigurableView.swift */ = {isa = PBXFileReference; lastKnownFileType = sourcecode.swift; path = IConfigurableView.swift; sourceTree = "<group>"; };
		79803F8525A5D061003B2AD8 /* NewsDetailViewController.swift */ = {isa = PBXFileReference; lastKnownFileType = sourcecode.swift; path = NewsDetailViewController.swift; sourceTree = "<group>"; };
/* End PBXFileReference section */

/* Begin PBXFrameworksBuildPhase section */
		796927F925AA00C100717C81 /* Frameworks */ = {
			isa = PBXFrameworksBuildPhase;
			buildActionMask = 2147483647;
			files = (
			);
			runOnlyForDeploymentPostprocessing = 0;
		};
		79803F4425A4E8FF003B2AD8 /* Frameworks */ = {
			isa = PBXFrameworksBuildPhase;
			buildActionMask = 2147483647;
			files = (
			);
			runOnlyForDeploymentPostprocessing = 0;
		};
/* End PBXFrameworksBuildPhase section */

/* Begin PBXGroup section */
		7969278F25A9936E00717C81 /* SupportingFiles */ = {
			isa = PBXGroup;
			children = (
				79803F5625A4E901003B2AD8 /* Assets.xcassets */,
				79803F5825A4E901003B2AD8 /* LaunchScreen.storyboard */,
				79803F5B25A4E901003B2AD8 /* Info.plist */,
			);
			path = SupportingFiles;
			sourceTree = "<group>";
		};
		7969279125A993A400717C81 /* HelpfulFiles */ = {
			isa = PBXGroup;
			children = (
				79803F6425A4E927003B2AD8 /* Utils.swift */,
			);
			path = HelpfulFiles;
			sourceTree = "<group>";
		};
		7969279325A993E700717C81 /* Services */ = {
			isa = PBXGroup;
			children = (
				797B6F7C25A5F1C200D56380 /* CoreData */,
				7969279425A993F100717C81 /* AppSettings */,
				7969279625A993FD00717C81 /* NewsService */,
			);
			path = Services;
			sourceTree = "<group>";
		};
		7969279425A993F100717C81 /* AppSettings */ = {
			isa = PBXGroup;
			children = (
				7969278325A739F300717C81 /* AppSettings.swift */,
			);
			path = AppSettings;
			sourceTree = "<group>";
		};
		7969279625A993FD00717C81 /* NewsService */ = {
			isa = PBXGroup;
			children = (
				797B6F7325A5EC8F00D56380 /* NewsService.swift */,
				79803F6825A4E92F003B2AD8 /* RSSParser.swift */,
				79803F6725A4E92F003B2AD8 /* RSSManager.swift */,
				79803F6C25A4EBFA003B2AD8 /* RSSResponse.swift */,
			);
			path = NewsService;
			sourceTree = "<group>";
		};
		7969279825A994D300717C81 /* NewsListModule */ = {
			isa = PBXGroup;
			children = (
				796927EE25A9CE9C00717C81 /* Assembly */,
				796927AE25A997DD00717C81 /* Presenter */,
				796927AC25A997D600717C81 /* Interactor */,
				796927AB25A997CB00717C81 /* Router */,
				796927A925A997C600717C81 /* View */,
			);
			path = NewsListModule;
			sourceTree = "<group>";
		};
		7969279925A9950300717C81 /* NewsDetailsModule */ = {
			isa = PBXGroup;
			children = (
				79803F8525A5D061003B2AD8 /* NewsDetailViewController.swift */,
			);
			path = NewsDetailsModule;
			sourceTree = "<group>";
		};
		7969279A25A9952300717C81 /* SettingsModule */ = {
			isa = PBXGroup;
			children = (
				796927EF25A9CEA400717C81 /* Assembly */,
				796927E825A9CE8200717C81 /* Presenter */,
				796927E025A9CE1800717C81 /* Interactor */,
				796927C825A9CD6400717C81 /* View */,
				796927E725A9CE5300717C81 /* Router */,
			);
			path = SettingsModule;
			sourceTree = "<group>";
		};
		796927A925A997C600717C81 /* View */ = {
			isa = PBXGroup;
			children = (
				79803F4E25A4E8FF003B2AD8 /* NewsListViewController.swift */,
				7969278925A8D7F600717C81 /* NewsListCollectionViewDataSource.swift */,
				79803F7825A4F337003B2AD8 /* NewsListCollectionViewCell.swift */,
				79803F7F25A59DBA003B2AD8 /* IConfigurableView.swift */,
				796927B025A9989000717C81 /* INewsListViewInput.swift */,
				796927B325A998AC00717C81 /* INewsListViewOutput.swift */,
			);
			path = View;
			sourceTree = "<group>";
		};
		796927AB25A997CB00717C81 /* Router */ = {
			isa = PBXGroup;
			children = (
				796927A625A9979200717C81 /* NewsListRouter.swift */,
				796927BD25A99BEE00717C81 /* INewsListRouterInput.swift */,
				796927C525A9BA2600717C81 /* INewsListRouterOutput.swift */,
			);
			path = Router;
			sourceTree = "<group>";
		};
		796927AC25A997D600717C81 /* Interactor */ = {
			isa = PBXGroup;
			children = (
				796927A325A9976E00717C81 /* NewsListInteractor.swift */,
				79803F7C25A59BAC003B2AD8 /* NewsItem.swift */,
				796927B725A99A1D00717C81 /* INewsListInteractorInput.swift */,
				796927BA25A99BCE00717C81 /* INewsInteractorOutput.swift */,
			);
			path = Interactor;
			sourceTree = "<group>";
		};
		796927AE25A997DD00717C81 /* Presenter */ = {
			isa = PBXGroup;
			children = (
				796927A025A9973600717C81 /* NewsListPresenter.swift */,
			);
			path = Presenter;
			sourceTree = "<group>";
		};
		796927C825A9CD6400717C81 /* View */ = {
			isa = PBXGroup;
			children = (
				797B6F8525A6F12A00D56380 /* SettingsViewController.swift */,
				7969277D25A72AB800717C81 /* SettingsTableViewCell.swift */,
				7969278025A72BEB00717C81 /* RSSSubscription.swift */,
				7969278625A8413C00717C81 /* TimerTableViewCell.swift */,
				796927D425A9CDE200717C81 /* ISettingsViewInput.swift */,
				796927D725A9CDEE00717C81 /* ISettingsViewOutput.swift */,
			);
			path = View;
			sourceTree = "<group>";
		};
		796927E025A9CE1800717C81 /* Interactor */ = {
			isa = PBXGroup;
			children = (
				796927D125A9CDB800717C81 /* SettingsInteractor.swift */,
				796927DA25A9CE0300717C81 /* ISettingsInteractorInput.swift */,
			);
			path = Interactor;
			sourceTree = "<group>";
		};
		796927E725A9CE5300717C81 /* Router */ = {
			isa = PBXGroup;
			children = (
				796927CD25A9CDAA00717C81 /* SettingsRouter.swift */,
				796927E325A9CE4C00717C81 /* ISettingsRouterInput.swift */,
			);
			path = Router;
			sourceTree = "<group>";
		};
		796927E825A9CE8200717C81 /* Presenter */ = {
			isa = PBXGroup;
			children = (
				796927CA25A9CD8600717C81 /* SettingsPresenter.swift */,
			);
			path = Presenter;
			sourceTree = "<group>";
		};
		796927EE25A9CE9C00717C81 /* Assembly */ = {
			isa = PBXGroup;
			children = (
				796927C125A9B01D00717C81 /* NewsListModuleAssembly.swift */,
			);
			path = Assembly;
			sourceTree = "<group>";
		};
		796927EF25A9CEA400717C81 /* Assembly */ = {
			isa = PBXGroup;
			children = (
				796927E925A9CE9600717C81 /* SettingsAssembly.swift */,
			);
			path = Assembly;
			sourceTree = "<group>";
		};
		796927FD25AA00C100717C81 /* NewsTests */ = {
			isa = PBXGroup;
			children = (
				796927FE25AA00C100717C81 /* NewsTests.swift */,
				7969280C25AA04CD00717C81 /* MockInteractorOutput.swift */,
				7969280825AA03CE00717C81 /* StubAppSettings.swift */,
				7969281225AA057E00717C81 /* MockNewsService.swift */,
				7969280025AA00C100717C81 /* Info.plist */,
			);
			path = NewsTests;
			sourceTree = "<group>";
		};
		797B6F7C25A5F1C200D56380 /* CoreData */ = {
			isa = PBXGroup;
			children = (
				797B6F8825A7083700D56380 /* DataManager.swift */,
				797B6F7725A5F19300D56380 /* DBNewsItem+CoreDataClass.swift */,
				797B6F7825A5F19300D56380 /* DBNewsItem+CoreDataProperties.swift */,
				79803F5325A4E8FF003B2AD8 /* News.xcdatamodeld */,
			);
			path = CoreData;
			sourceTree = "<group>";
		};
		79803F3E25A4E8FF003B2AD8 = {
			isa = PBXGroup;
			children = (
				79803F4925A4E8FF003B2AD8 /* News */,
				796927FD25AA00C100717C81 /* NewsTests */,
				79803F4825A4E8FF003B2AD8 /* Products */,
			);
			sourceTree = "<group>";
		};
		79803F4825A4E8FF003B2AD8 /* Products */ = {
			isa = PBXGroup;
			children = (
				79803F4725A4E8FF003B2AD8 /* News.app */,
				796927FC25AA00C100717C81 /* NewsTests.xctest */,
			);
			name = Products;
			sourceTree = "<group>";
		};
		79803F4925A4E8FF003B2AD8 /* News */ = {
			isa = PBXGroup;
			children = (
				79803F6F25A4F06D003B2AD8 /* Task.swift */,
				79803F4A25A4E8FF003B2AD8 /* AppDelegate.swift */,
				7969279325A993E700717C81 /* Services */,
				7969279825A994D300717C81 /* NewsListModule */,
				7969279925A9950300717C81 /* NewsDetailsModule */,
				7969279A25A9952300717C81 /* SettingsModule */,
				79803F5025A4E8FF003B2AD8 /* Main.storyboard */,
				7969279125A993A400717C81 /* HelpfulFiles */,
				7969278F25A9936E00717C81 /* SupportingFiles */,
			);
			path = News;
			sourceTree = "<group>";
		};
/* End PBXGroup section */

/* Begin PBXNativeTarget section */
		796927FB25AA00C100717C81 /* NewsTests */ = {
			isa = PBXNativeTarget;
			buildConfigurationList = 7969280325AA00C100717C81 /* Build configuration list for PBXNativeTarget "NewsTests" */;
			buildPhases = (
				796927F825AA00C100717C81 /* Sources */,
				796927F925AA00C100717C81 /* Frameworks */,
				796927FA25AA00C100717C81 /* Resources */,
			);
			buildRules = (
			);
			dependencies = (
				7969280225AA00C100717C81 /* PBXTargetDependency */,
			);
			name = NewsTests;
			productName = NewsTests;
			productReference = 796927FC25AA00C100717C81 /* NewsTests.xctest */;
			productType = "com.apple.product-type.bundle.unit-test";
		};
		79803F4625A4E8FF003B2AD8 /* News */ = {
			isa = PBXNativeTarget;
			buildConfigurationList = 79803F5E25A4E901003B2AD8 /* Build configuration list for PBXNativeTarget "News" */;
			buildPhases = (
				79803F4325A4E8FF003B2AD8 /* Sources */,
				79803F4425A4E8FF003B2AD8 /* Frameworks */,
				79803F4525A4E8FF003B2AD8 /* Resources */,
			);
			buildRules = (
			);
			dependencies = (
			);
			name = News;
			productName = News;
			productReference = 79803F4725A4E8FF003B2AD8 /* News.app */;
			productType = "com.apple.product-type.application";
		};
/* End PBXNativeTarget section */

/* Begin PBXProject section */
		79803F3F25A4E8FF003B2AD8 /* Project object */ = {
			isa = PBXProject;
			attributes = {
				LastSwiftUpdateCheck = 1220;
				LastUpgradeCheck = 1220;
				TargetAttributes = {
					796927FB25AA00C100717C81 = {
						CreatedOnToolsVersion = 12.2;
						TestTargetID = 79803F4625A4E8FF003B2AD8;
					};
					79803F4625A4E8FF003B2AD8 = {
						CreatedOnToolsVersion = 12.2;
					};
				};
			};
			buildConfigurationList = 79803F4225A4E8FF003B2AD8 /* Build configuration list for PBXProject "News" */;
			compatibilityVersion = "Xcode 9.3";
			developmentRegion = en;
			hasScannedForEncodings = 0;
			knownRegions = (
				en,
				Base,
			);
			mainGroup = 79803F3E25A4E8FF003B2AD8;
			productRefGroup = 79803F4825A4E8FF003B2AD8 /* Products */;
			projectDirPath = "";
			projectRoot = "";
			targets = (
				79803F4625A4E8FF003B2AD8 /* News */,
				796927FB25AA00C100717C81 /* NewsTests */,
			);
		};
/* End PBXProject section */

/* Begin PBXResourcesBuildPhase section */
		796927FA25AA00C100717C81 /* Resources */ = {
			isa = PBXResourcesBuildPhase;
			buildActionMask = 2147483647;
			files = (
			);
			runOnlyForDeploymentPostprocessing = 0;
		};
		79803F4525A4E8FF003B2AD8 /* Resources */ = {
			isa = PBXResourcesBuildPhase;
			buildActionMask = 2147483647;
			files = (
				79803F5A25A4E901003B2AD8 /* LaunchScreen.storyboard in Resources */,
				79803F5725A4E901003B2AD8 /* Assets.xcassets in Resources */,
				79803F5225A4E8FF003B2AD8 /* Main.storyboard in Resources */,
			);
			runOnlyForDeploymentPostprocessing = 0;
		};
/* End PBXResourcesBuildPhase section */

/* Begin PBXSourcesBuildPhase section */
		796927F825AA00C100717C81 /* Sources */ = {
			isa = PBXSourcesBuildPhase;
			buildActionMask = 2147483647;
			files = (
				7969281325AA057E00717C81 /* MockNewsService.swift in Sources */,
				7969280925AA03CE00717C81 /* StubAppSettings.swift in Sources */,
				796927FF25AA00C100717C81 /* NewsTests.swift in Sources */,
				7969280D25AA04CD00717C81 /* MockInteractorOutput.swift in Sources */,
			);
			runOnlyForDeploymentPostprocessing = 0;
		};
		79803F4325A4E8FF003B2AD8 /* Sources */ = {
			isa = PBXSourcesBuildPhase;
			buildActionMask = 2147483647;
			files = (
				796927A125A9973600717C81 /* NewsListPresenter.swift in Sources */,
				796927B125A9989000717C81 /* INewsListViewInput.swift in Sources */,
				79803F8625A5D061003B2AD8 /* NewsDetailViewController.swift in Sources */,
				796927D825A9CDEE00717C81 /* ISettingsViewOutput.swift in Sources */,
				796927D225A9CDB800717C81 /* SettingsInteractor.swift in Sources */,
				79803F7025A4F06D003B2AD8 /* Task.swift in Sources */,
				7969277E25A72AB800717C81 /* SettingsTableViewCell.swift in Sources */,
				796927BE25A99BEE00717C81 /* INewsListRouterInput.swift in Sources */,
				796927E425A9CE4C00717C81 /* ISettingsRouterInput.swift in Sources */,
				79803F6925A4E92F003B2AD8 /* RSSManager.swift in Sources */,
				796927B825A99A1D00717C81 /* INewsListInteractorInput.swift in Sources */,
				797B6F7A25A5F19300D56380 /* DBNewsItem+CoreDataProperties.swift in Sources */,
				79803F6A25A4E92F003B2AD8 /* RSSParser.swift in Sources */,
				796927C625A9BA2600717C81 /* INewsListRouterOutput.swift in Sources */,
				796927A425A9976E00717C81 /* NewsListInteractor.swift in Sources */,
				7969278125A72BEB00717C81 /* RSSSubscription.swift in Sources */,
				79803F4F25A4E8FF003B2AD8 /* NewsListViewController.swift in Sources */,
				796927B425A998AC00717C81 /* INewsListViewOutput.swift in Sources */,
				79803F4B25A4E8FF003B2AD8 /* AppDelegate.swift in Sources */,
				797B6F8925A7083700D56380 /* DataManager.swift in Sources */,
				7969278A25A8D7F600717C81 /* NewsListCollectionViewDataSource.swift in Sources */,
				79803F5525A4E8FF003B2AD8 /* News.xcdatamodeld in Sources */,
				7969278725A8413C00717C81 /* TimerTableViewCell.swift in Sources */,
				796927BB25A99BCE00717C81 /* INewsInteractorOutput.swift in Sources */,
				796927CE25A9CDAA00717C81 /* SettingsRouter.swift in Sources */,
				79803F6D25A4EBFA003B2AD8 /* RSSResponse.swift in Sources */,
				79803F8025A59DBA003B2AD8 /* IConfigurableView.swift in Sources */,
				796927C225A9B01D00717C81 /* NewsListModuleAssembly.swift in Sources */,
				797B6F7925A5F19300D56380 /* DBNewsItem+CoreDataClass.swift in Sources */,
				79803F7925A4F337003B2AD8 /* NewsListCollectionViewCell.swift in Sources */,
				796927D525A9CDE200717C81 /* ISettingsViewInput.swift in Sources */,
				797B6F8625A6F12A00D56380 /* SettingsViewController.swift in Sources */,
				796927A725A9979200717C81 /* NewsListRouter.swift in Sources */,
				797B6F7425A5EC8F00D56380 /* NewsService.swift in Sources */,
				796927CB25A9CD8600717C81 /* SettingsPresenter.swift in Sources */,
				79803F7D25A59BAC003B2AD8 /* NewsItem.swift in Sources */,
				7969278425A739F300717C81 /* AppSettings.swift in Sources */,
				796927DB25A9CE0400717C81 /* ISettingsInteractorInput.swift in Sources */,
				796927EA25A9CE9600717C81 /* SettingsAssembly.swift in Sources */,
				79803F6525A4E927003B2AD8 /* Utils.swift in Sources */,
			);
			runOnlyForDeploymentPostprocessing = 0;
		};
/* End PBXSourcesBuildPhase section */

/* Begin PBXTargetDependency section */
		7969280225AA00C100717C81 /* PBXTargetDependency */ = {
			isa = PBXTargetDependency;
			target = 79803F4625A4E8FF003B2AD8 /* News */;
			targetProxy = 7969280125AA00C100717C81 /* PBXContainerItemProxy */;
		};
/* End PBXTargetDependency section */

/* Begin PBXVariantGroup section */
		79803F5025A4E8FF003B2AD8 /* Main.storyboard */ = {
			isa = PBXVariantGroup;
			children = (
				79803F5125A4E8FF003B2AD8 /* Base */,
			);
			name = Main.storyboard;
			sourceTree = "<group>";
		};
		79803F5825A4E901003B2AD8 /* LaunchScreen.storyboard */ = {
			isa = PBXVariantGroup;
			children = (
				79803F5925A4E901003B2AD8 /* Base */,
			);
			name = LaunchScreen.storyboard;
			sourceTree = "<group>";
		};
/* End PBXVariantGroup section */

/* Begin XCBuildConfiguration section */
		7969280425AA00C100717C81 /* Debug */ = {
			isa = XCBuildConfiguration;
			buildSettings = {
				BUNDLE_LOADER = "$(TEST_HOST)";
				CODE_SIGN_STYLE = Automatic;
				DEVELOPMENT_TEAM = 7BS98LAJM2;
				INFOPLIST_FILE = NewsTests/Info.plist;
				IPHONEOS_DEPLOYMENT_TARGET = 14.2;
				LD_RUNPATH_SEARCH_PATHS = (
					"$(inherited)",
					"@executable_path/Frameworks",
					"@loader_path/Frameworks",
				);
				PRODUCT_BUNDLE_IDENTIFIER = com.EgorOprea.NewsTests;
				PRODUCT_NAME = "$(TARGET_NAME)";
				SWIFT_VERSION = 5.0;
				TARGETED_DEVICE_FAMILY = "1,2";
				TEST_HOST = "$(BUILT_PRODUCTS_DIR)/News.app/News";
			};
			name = Debug;
		};
		7969280525AA00C100717C81 /* Release */ = {
			isa = XCBuildConfiguration;
			buildSettings = {
				BUNDLE_LOADER = "$(TEST_HOST)";
				CODE_SIGN_STYLE = Automatic;
				DEVELOPMENT_TEAM = 7BS98LAJM2;
				INFOPLIST_FILE = NewsTests/Info.plist;
				IPHONEOS_DEPLOYMENT_TARGET = 14.2;
				LD_RUNPATH_SEARCH_PATHS = (
					"$(inherited)",
					"@executable_path/Frameworks",
					"@loader_path/Frameworks",
				);
				PRODUCT_BUNDLE_IDENTIFIER = com.EgorOprea.NewsTests;
				PRODUCT_NAME = "$(TARGET_NAME)";
				SWIFT_VERSION = 5.0;
				TARGETED_DEVICE_FAMILY = "1,2";
				TEST_HOST = "$(BUILT_PRODUCTS_DIR)/News.app/News";
			};
			name = Release;
		};
		79803F5C25A4E901003B2AD8 /* Debug */ = {
			isa = XCBuildConfiguration;
			buildSettings = {
				ALWAYS_SEARCH_USER_PATHS = NO;
				CLANG_ANALYZER_NONNULL = YES;
				CLANG_ANALYZER_NUMBER_OBJECT_CONVERSION = YES_AGGRESSIVE;
				CLANG_CXX_LANGUAGE_STANDARD = "gnu++14";
				CLANG_CXX_LIBRARY = "libc++";
				CLANG_ENABLE_MODULES = YES;
				CLANG_ENABLE_OBJC_ARC = YES;
				CLANG_ENABLE_OBJC_WEAK = YES;
				CLANG_WARN_BLOCK_CAPTURE_AUTORELEASING = YES;
				CLANG_WARN_BOOL_CONVERSION = YES;
				CLANG_WARN_COMMA = YES;
				CLANG_WARN_CONSTANT_CONVERSION = YES;
				CLANG_WARN_DEPRECATED_OBJC_IMPLEMENTATIONS = YES;
				CLANG_WARN_DIRECT_OBJC_ISA_USAGE = YES_ERROR;
				CLANG_WARN_DOCUMENTATION_COMMENTS = YES;
				CLANG_WARN_EMPTY_BODY = YES;
				CLANG_WARN_ENUM_CONVERSION = YES;
				CLANG_WARN_INFINITE_RECURSION = YES;
				CLANG_WARN_INT_CONVERSION = YES;
				CLANG_WARN_NON_LITERAL_NULL_CONVERSION = YES;
				CLANG_WARN_OBJC_IMPLICIT_RETAIN_SELF = YES;
				CLANG_WARN_OBJC_LITERAL_CONVERSION = YES;
				CLANG_WARN_OBJC_ROOT_CLASS = YES_ERROR;
				CLANG_WARN_QUOTED_INCLUDE_IN_FRAMEWORK_HEADER = YES;
				CLANG_WARN_RANGE_LOOP_ANALYSIS = YES;
				CLANG_WARN_STRICT_PROTOTYPES = YES;
				CLANG_WARN_SUSPICIOUS_MOVE = YES;
				CLANG_WARN_UNGUARDED_AVAILABILITY = YES_AGGRESSIVE;
				CLANG_WARN_UNREACHABLE_CODE = YES;
				CLANG_WARN__DUPLICATE_METHOD_MATCH = YES;
				COPY_PHASE_STRIP = NO;
				DEBUG_INFORMATION_FORMAT = dwarf;
				ENABLE_STRICT_OBJC_MSGSEND = YES;
				ENABLE_TESTABILITY = YES;
				GCC_C_LANGUAGE_STANDARD = gnu11;
				GCC_DYNAMIC_NO_PIC = NO;
				GCC_NO_COMMON_BLOCKS = YES;
				GCC_OPTIMIZATION_LEVEL = 0;
				GCC_PREPROCESSOR_DEFINITIONS = (
					"DEBUG=1",
					"$(inherited)",
				);
				GCC_WARN_64_TO_32_BIT_CONVERSION = YES;
				GCC_WARN_ABOUT_RETURN_TYPE = YES_ERROR;
				GCC_WARN_UNDECLARED_SELECTOR = YES;
				GCC_WARN_UNINITIALIZED_AUTOS = YES_AGGRESSIVE;
				GCC_WARN_UNUSED_FUNCTION = YES;
				GCC_WARN_UNUSED_VARIABLE = YES;
				IPHONEOS_DEPLOYMENT_TARGET = 13.0;
				MTL_ENABLE_DEBUG_INFO = INCLUDE_SOURCE;
				MTL_FAST_MATH = YES;
				ONLY_ACTIVE_ARCH = YES;
				SDKROOT = iphoneos;
				SWIFT_ACTIVE_COMPILATION_CONDITIONS = DEBUG;
				SWIFT_OPTIMIZATION_LEVEL = "-Onone";
			};
			name = Debug;
		};
		79803F5D25A4E901003B2AD8 /* Release */ = {
			isa = XCBuildConfiguration;
			buildSettings = {
				ALWAYS_SEARCH_USER_PATHS = NO;
				CLANG_ANALYZER_NONNULL = YES;
				CLANG_ANALYZER_NUMBER_OBJECT_CONVERSION = YES_AGGRESSIVE;
				CLANG_CXX_LANGUAGE_STANDARD = "gnu++14";
				CLANG_CXX_LIBRARY = "libc++";
				CLANG_ENABLE_MODULES = YES;
				CLANG_ENABLE_OBJC_ARC = YES;
				CLANG_ENABLE_OBJC_WEAK = YES;
				CLANG_WARN_BLOCK_CAPTURE_AUTORELEASING = YES;
				CLANG_WARN_BOOL_CONVERSION = YES;
				CLANG_WARN_COMMA = YES;
				CLANG_WARN_CONSTANT_CONVERSION = YES;
				CLANG_WARN_DEPRECATED_OBJC_IMPLEMENTATIONS = YES;
				CLANG_WARN_DIRECT_OBJC_ISA_USAGE = YES_ERROR;
				CLANG_WARN_DOCUMENTATION_COMMENTS = YES;
				CLANG_WARN_EMPTY_BODY = YES;
				CLANG_WARN_ENUM_CONVERSION = YES;
				CLANG_WARN_INFINITE_RECURSION = YES;
				CLANG_WARN_INT_CONVERSION = YES;
				CLANG_WARN_NON_LITERAL_NULL_CONVERSION = YES;
				CLANG_WARN_OBJC_IMPLICIT_RETAIN_SELF = YES;
				CLANG_WARN_OBJC_LITERAL_CONVERSION = YES;
				CLANG_WARN_OBJC_ROOT_CLASS = YES_ERROR;
				CLANG_WARN_QUOTED_INCLUDE_IN_FRAMEWORK_HEADER = YES;
				CLANG_WARN_RANGE_LOOP_ANALYSIS = YES;
				CLANG_WARN_STRICT_PROTOTYPES = YES;
				CLANG_WARN_SUSPICIOUS_MOVE = YES;
				CLANG_WARN_UNGUARDED_AVAILABILITY = YES_AGGRESSIVE;
				CLANG_WARN_UNREACHABLE_CODE = YES;
				CLANG_WARN__DUPLICATE_METHOD_MATCH = YES;
				COPY_PHASE_STRIP = NO;
				DEBUG_INFORMATION_FORMAT = "dwarf-with-dsym";
				ENABLE_NS_ASSERTIONS = NO;
				ENABLE_STRICT_OBJC_MSGSEND = YES;
				GCC_C_LANGUAGE_STANDARD = gnu11;
				GCC_NO_COMMON_BLOCKS = YES;
				GCC_WARN_64_TO_32_BIT_CONVERSION = YES;
				GCC_WARN_ABOUT_RETURN_TYPE = YES_ERROR;
				GCC_WARN_UNDECLARED_SELECTOR = YES;
				GCC_WARN_UNINITIALIZED_AUTOS = YES_AGGRESSIVE;
				GCC_WARN_UNUSED_FUNCTION = YES;
				GCC_WARN_UNUSED_VARIABLE = YES;
				IPHONEOS_DEPLOYMENT_TARGET = 13.0;
				MTL_ENABLE_DEBUG_INFO = NO;
				MTL_FAST_MATH = YES;
				SDKROOT = iphoneos;
				SWIFT_COMPILATION_MODE = wholemodule;
				SWIFT_OPTIMIZATION_LEVEL = "-O";
				VALIDATE_PRODUCT = YES;
			};
			name = Release;
		};
		79803F5F25A4E901003B2AD8 /* Debug */ = {
			isa = XCBuildConfiguration;
			buildSettings = {
				ASSETCATALOG_COMPILER_APPICON_NAME = AppIcon;
				ASSETCATALOG_COMPILER_GLOBAL_ACCENT_COLOR_NAME = AccentColor;
				CODE_SIGN_STYLE = Automatic;
				DEVELOPMENT_TEAM = 7BS98LAJM2;
				INFOPLIST_FILE = News/SupportingFiles/Info.plist;
				LD_RUNPATH_SEARCH_PATHS = (
					"$(inherited)",
					"@executable_path/Frameworks",
				);
				PRODUCT_BUNDLE_IDENTIFIER = com.EgorOprea.News;
				PRODUCT_NAME = "$(TARGET_NAME)";
				SWIFT_VERSION = 5.0;
				TARGETED_DEVICE_FAMILY = "1,2";
			};
			name = Debug;
		};
		79803F6025A4E901003B2AD8 /* Release */ = {
			isa = XCBuildConfiguration;
			buildSettings = {
				ASSETCATALOG_COMPILER_APPICON_NAME = AppIcon;
				ASSETCATALOG_COMPILER_GLOBAL_ACCENT_COLOR_NAME = AccentColor;
				CODE_SIGN_STYLE = Automatic;
				DEVELOPMENT_TEAM = 7BS98LAJM2;
				INFOPLIST_FILE = News/SupportingFiles/Info.plist;
				LD_RUNPATH_SEARCH_PATHS = (
					"$(inherited)",
					"@executable_path/Frameworks",
				);
				PRODUCT_BUNDLE_IDENTIFIER = com.EgorOprea.News;
				PRODUCT_NAME = "$(TARGET_NAME)";
				SWIFT_VERSION = 5.0;
				TARGETED_DEVICE_FAMILY = "1,2";
			};
			name = Release;
		};
/* End XCBuildConfiguration section */

/* Begin XCConfigurationList section */
		7969280325AA00C100717C81 /* Build configuration list for PBXNativeTarget "NewsTests" */ = {
			isa = XCConfigurationList;
			buildConfigurations = (
				7969280425AA00C100717C81 /* Debug */,
				7969280525AA00C100717C81 /* Release */,
			);
			defaultConfigurationIsVisible = 0;
			defaultConfigurationName = Release;
		};
		79803F4225A4E8FF003B2AD8 /* Build configuration list for PBXProject "News" */ = {
			isa = XCConfigurationList;
			buildConfigurations = (
				79803F5C25A4E901003B2AD8 /* Debug */,
				79803F5D25A4E901003B2AD8 /* Release */,
			);
			defaultConfigurationIsVisible = 0;
			defaultConfigurationName = Release;
		};
		79803F5E25A4E901003B2AD8 /* Build configuration list for PBXNativeTarget "News" */ = {
			isa = XCConfigurationList;
			buildConfigurations = (
				79803F5F25A4E901003B2AD8 /* Debug */,
				79803F6025A4E901003B2AD8 /* Release */,
			);
			defaultConfigurationIsVisible = 0;
			defaultConfigurationName = Release;
		};
/* End XCConfigurationList section */

/* Begin XCVersionGroup section */
		79803F5325A4E8FF003B2AD8 /* News.xcdatamodeld */ = {
			isa = XCVersionGroup;
			children = (
				79803F5425A4E8FF003B2AD8 /* News.xcdatamodel */,
			);
			currentVersion = 79803F5425A4E8FF003B2AD8 /* News.xcdatamodel */;
			path = News.xcdatamodeld;
			sourceTree = "<group>";
			versionGroupType = wrapper.xcdatamodel;
		};
/* End XCVersionGroup section */
	};
	rootObject = 79803F3F25A4E8FF003B2AD8 /* Project object */;
}
